
Microsoft Visual Studio Solution File, Format Version 12.00
# Visual Studio Version 16
VisualStudioVersion = 16.0.29411.108
MinimumVisualStudioVersion = 10.0.40219.1
Project("{FAE04EC0-301F-11D3-BF4B-00C04F79EFBC}") = "TestLib", "TestLib\TestLib.csproj", "{622673B2-CC22-4176-9F69-AEC872836BB5}"
EndProject
Project("{FAE04EC0-301F-11D3-BF4B-00C04F79EFBC}") = "TestApp", "TestApp\TestApp.csproj", "{08CBBFD0-6696-4579-9A34-4CE272C6E4F8}"
EndProject
Global
	GlobalSection(SolutionConfigurationPlatforms) = preSolution
		Debug|Any CPU = Debug|Any CPU
		Release|Any CPU = Release|Any CPU
	EndGlobalSection
	GlobalSection(ProjectConfigurationPlatforms) = postSolution
		{622673B2-CC22-4176-9F69-AEC872836BB5}.Debug|Any CPU.ActiveCfg = Debug|Any CPU
		{622673B2-CC22-4176-9F69-AEC872836BB5}.Debug|Any CPU.Build.0 = Debug|Any CPU
		{622673B2-CC22-4176-9F69-AEC872836BB5}.Release|Any CPU.ActiveCfg = Release|Any CPU
		{622673B2-CC22-4176-9F69-AEC872836BB5}.Release|Any CPU.Build.0 = Release|Any CPU
		{08CBBFD0-6696-4579-9A34-4CE272C6E4F8}.Debug|Any CPU.ActiveCfg = Debug|Any CPU
		{08CBBFD0-6696-4579-9A34-4CE272C6E4F8}.Debug|Any CPU.Build.0 = Debug|Any CPU
		{08CBBFD0-6696-4579-9A34-4CE272C6E4F8}.Release|Any CPU.ActiveCfg = Release|Any CPU
		{08CBBFD0-6696-4579-9A34-4CE272C6E4F8}.Release|Any CPU.Build.0 = Release|Any CPU
	EndGlobalSection
	GlobalSection(SolutionProperties) = preSolution
		HideSolutionNode = FALSE
	EndGlobalSection
	GlobalSection(ExtensibilityGlobals) = postSolution
		SolutionGuid = {090F0273-DD20-4E48-91F3-DA8899862364}
	EndGlobalSection
EndGlobal
